Microsoft Visual Studio Solution File, Format Version 12.00
# Visual Studio Version 17
VisualStudioVersion = 17.5.2.0
MinimumVisualStudioVersion = 10.0.40219.1
Project("{FAE04EC0-301F-11D3-BF4B-00C04F79EFBC}") = "CarterUniversity", "CarterUniversity\CarterUniversity.csproj", "{64A04BC8-EBF8-2E5B-FE7A-95B52FDE030C}"
EndProject
Global
	GlobalSection(SolutionConfigurationPlatforms) = preSolution
		Debug|Any CPU = Debug|Any CPU
		Release|Any CPU = Release|Any CPU
	EndGlobalSection
	GlobalSection(ProjectConfigurationPlatforms) = postSolution
		{64A04BC8-EBF8-2E5B-FE7A-95B52FDE030C}.Debug|Any CPU.ActiveCfg = Debug|Any CPU
		{64A04BC8-EBF8-2E5B-FE7A-95B52FDE030C}.Debug|Any CPU.Build.0 = Debug|Any CPU
		{64A04BC8-EBF8-2E5B-FE7A-95B52FDE030C}.Release|Any CPU.ActiveCfg = Release|Any CPU
		{64A04BC8-EBF8-2E5B-FE7A-95B52FDE030C}.Release|Any CPU.Build.0 = Release|Any CPU
	EndGlobalSection
	GlobalSection(SolutionProperties) = preSolution
		HideSolutionNode = FALSE
	EndGlobalSection
	GlobalSection(ExtensibilityGlobals) = postSolution
		SolutionGuid = {1527BB42-C351-4186-9B8B-FEAC0262AC1C}
	EndGlobalSection
EndGlobal
